{
  "version": 4,
  "terraform_version": "1.10.5",
  "serial": 6,
  "lineage": "28a160a4-2c6f-0404-a2b1-7759df60234e",
  "outputs": {
    "instance_ip": {
      "value": "34.155.139.235",
      "type": "string"
    }
  },
  "resources": [
    {
      "mode": "managed",
      "type": "google_compute_address",
      "name": "static_ip_bastion",
      "provider": "provider[\"registry.terraform.io/hashicorp/google\"]",
      "instances": [
        {
          "schema_version": 0,
          "attributes": {
            "address": "34.155.139.235",
            "address_type": "EXTERNAL",
            "creation_timestamp": "2025-03-10T06:54:06.500-07:00",
            "description": "",
            "effective_labels": {
              "goog-terraform-provisioned": "true"
            },
            "id": "projects/project-quickdata/regions/europe-west9/addresses/static-ip-bastion",
            "ip_version": "",
            "ipv6_endpoint_type": "",
            "label_fingerprint": "vezUS-42LLM=",
            "labels": null,
            "name": "static-ip-bastion",
            "network": "",
            "network_tier": "PREMIUM",
            "prefix_length": 0,
            "project": "project-quickdata",
            "purpose": "",
            "region": "europe-west9",
            "self_link": "https://www.googleapis.com/compute/v1/projects/project-quickdata/regions/europe-west9/addresses/static-ip-bastion",
            "subnetwork": "",
            "terraform_labels": {
              "goog-terraform-provisioned": "true"
            },
            "timeouts": null,
            "users": []
          },
          "sensitive_attributes": [],
          "private": "eyJlMmJmYjczMC1lY2FhLTExZTYtOGY4OC0zNDM2M2JjN2M0YzAiOnsiY3JlYXRlIjoxMjAwMDAwMDAwMDAwLCJkZWxldGUiOjEyMDAwMDAwMDAwMDAsInVwZGF0ZSI6MTIwMDAwMDAwMDAwMH19"
        }
      ]
    },
    {
      "mode": "managed",
      "type": "google_compute_firewall",
      "name": "bastion_firewall",
      "provider": "provider[\"registry.terraform.io/hashicorp/google\"]",
      "instances": [
        {
          "schema_version": 1,
          "attributes": {
            "allow": [
              {
                "ports": [
                  "80",
                  "443",
                  "22"
                ],
                "protocol": "tcp"
              }
            ],
            "creation_timestamp": "2025-03-10T06:54:06.632-07:00",
            "deny": [],
            "description": "",
            "destination_ranges": [],
            "direction": "INGRESS",
            "disabled": false,
            "enable_logging": null,
            "id": "projects/project-quickdata/global/firewalls/allow-bastion",
            "log_config": [],
            "name": "allow-bastion",
            "network": "https://www.googleapis.com/compute/v1/projects/project-quickdata/global/networks/default",
            "priority": 1000,
            "project": "project-quickdata",
            "self_link": "https://www.googleapis.com/compute/v1/projects/project-quickdata/global/firewalls/allow-bastion",
            "source_ranges": [
              "0.0.0.0/0"
            ],
            "source_service_accounts": null,
            "source_tags": null,
            "target_service_accounts": null,
            "target_tags": [
              "bastion"
            ],
            "timeouts": null
          },
          "sensitive_attributes": [],
          "private": "eyJlMmJmYjczMC1lY2FhLTExZTYtOGY4OC0zNDM2M2JjN2M0YzAiOnsiY3JlYXRlIjoxMjAwMDAwMDAwMDAwLCJkZWxldGUiOjEyMDAwMDAwMDAwMDAsInVwZGF0ZSI6MTIwMDAwMDAwMDAwMH0sInNjaGVtYV92ZXJzaW9uIjoiMSJ9"
        }
      ]
    },
    {
      "mode": "managed",
      "type": "google_compute_instance",
      "name": "bastion-instance",
      "provider": "provider[\"registry.terraform.io/hashicorp/google\"]",
      "instances": [
        {
          "schema_version": 6,
          "attributes": {
            "advanced_machine_features": [],
            "allow_stopping_for_update": null,
            "attached_disk": [],
            "boot_disk": [
              {
                "auto_delete": true,
                "device_name": "persistent-disk-0",
                "disk_encryption_key_raw": "",
                "disk_encryption_key_sha256": "",
                "initialize_params": [
                  {
                    "enable_confidential_compute": false,
                    "image": "https://www.googleapis.com/compute/v1/projects/debian-cloud/global/images/debian-12-bookworm-v20250212",
                    "labels": {},
                    "provisioned_iops": 0,
                    "provisioned_throughput": 0,
                    "resource_manager_tags": null,
                    "resource_policies": [],
                    "size": 20,
                    "storage_pool": "",
                    "type": "pd-standard"
                  }
                ],
                "interface": "",
                "kms_key_self_link": "",
                "mode": "READ_WRITE",
                "source": "https://www.googleapis.com/compute/v1/projects/project-quickdata/zones/europe-west9-b/disks/bastion-instance"
              }
            ],
            "can_ip_forward": false,
            "confidential_instance_config": [],
            "cpu_platform": "Intel Broadwell",
            "creation_timestamp": "2025-03-10T06:54:18.597-07:00",
            "current_status": "RUNNING",
            "deletion_protection": false,
            "description": "",
            "desired_status": null,
            "effective_labels": {
              "goog-terraform-provisioned": "true"
            },
            "enable_display": false,
            "guest_accelerator": [],
            "hostname": "bastion.local",
            "id": "projects/project-quickdata/zones/europe-west9-b/instances/bastion-instance",
            "instance_id": "9171362644595266021",
            "key_revocation_action_type": "",
            "label_fingerprint": "vezUS-42LLM=",
            "labels": null,
            "machine_type": "e2-medium",
            "metadata": {
              "ssh-keys": "engineer:ssh-rsa AAAAB3NzaC1yc2EAAAADAQABAAABgQC5AQlkV4LUjLcBOpn6Nz42lOhxeWQ0d59P7vusbPi3NOdz1LZwQLJ/4Ju2RoMPBH9ZHDfJC7+V0wwEdTbpgMrdsxwZdY6awrr4CtuC1M+FIpv+7azsjXBW3286SIuEohM0nSMZjbIxZhShs94stH3JRD85daZStWHmHn/7yj2wrmlpQQfTHwLaDDHum999yiQgO40vnxckCriLO27ZYoE0+xFlPctQtbF3bDuvcmwUabdfA1fw9dj9HlakrWaRPShK9Bu2THsNZQmPS/ICB3lA9YqY7xdK7ck1S8uzsCOJiI3cbX8qqqxhO0SoI0xFkFmmMjvctxngvhelCrBtnsrGNmF4CJnCd+5IGW6R5JY52Bj7PX0Qy27uDDQCWEGDiUXWb9qIGcypm2slG7wluLPh1EP2QmgkSwn69wE6Bg6q7rQpymbINvnyrXv1b/K/eVSWsAg0uodDIJnGm/jeGDgLQwqGvRkFU/+V1Qk9An8j0MlZ849tSDEkVgUqdsb71tM= engineer@debian\n"
            },
            "metadata_fingerprint": "BuYbS8kyDZI=",
            "metadata_startup_script": null,
            "min_cpu_platform": "",
            "name": "bastion-instance",
            "network_interface": [
              {
                "access_config": [
                  {
                    "nat_ip": "34.155.139.235",
                    "network_tier": "PREMIUM",
                    "public_ptr_domain_name": ""
                  }
                ],
                "alias_ip_range": [],
                "internal_ipv6_prefix_length": 0,
                "ipv6_access_config": [],
                "ipv6_access_type": "",
                "ipv6_address": "",
                "name": "nic0",
                "network": "https://www.googleapis.com/compute/v1/projects/project-quickdata/global/networks/default",
                "network_attachment": "",
                "network_ip": "10.200.0.38",
                "nic_type": "",
                "queue_count": 0,
                "stack_type": "IPV4_ONLY",
                "subnetwork": "https://www.googleapis.com/compute/v1/projects/project-quickdata/regions/europe-west9/subnetworks/default",
                "subnetwork_project": "project-quickdata"
              }
            ],
            "network_performance_config": [],
            "params": [],
            "project": "project-quickdata",
            "reservation_affinity": [],
            "resource_policies": null,
            "scheduling": [
              {
                "automatic_restart": true,
                "availability_domain": 0,
                "instance_termination_action": "",
                "local_ssd_recovery_timeout": [],
                "max_run_duration": [],
                "min_node_cpus": 0,
                "node_affinities": [],
                "on_host_maintenance": "MIGRATE",
                "on_instance_stop_action": [],
                "preemptible": false,
                "provisioning_model": "STANDARD"
              }
            ],
            "scratch_disk": [],
            "self_link": "https://www.googleapis.com/compute/v1/projects/project-quickdata/zones/europe-west9-b/instances/bastion-instance",
            "service_account": [],
            "shielded_instance_config": [
              {
                "enable_integrity_monitoring": true,
                "enable_secure_boot": false,
                "enable_vtpm": true
              }
            ],
            "tags": [
              "bastion"
            ],
            "tags_fingerprint": "NfTTNVh6sLU=",
            "terraform_labels": {
              "goog-terraform-provisioned": "true"
            },
            "timeouts": null,
            "zone": "europe-west9-b"
          },
          "sensitive_attributes": [
            [
              {
                "type": "get_attr",
                "value": "boot_disk"
              },
              {
                "type": "index",
                "value": {
                  "value": 0,
                  "type": "number"
                }
              },
              {
                "type": "get_attr",
                "value": "disk_encryption_key_raw"
              }
            ]
          ],
          "private": "eyJlMmJmYjczMC1lY2FhLTExZTYtOGY4OC0zNDM2M2JjN2M0YzAiOnsiY3JlYXRlIjoxMjAwMDAwMDAwMDAwLCJkZWxldGUiOjEyMDAwMDAwMDAwMDAsInVwZGF0ZSI6MTIwMDAwMDAwMDAwMH0sInNjaGVtYV92ZXJzaW9uIjoiNiJ9",
          "dependencies": [
            "google_compute_address.static_ip_bastion"
          ]
        }
      ]
    },
    {
      "mode": "managed",
      "type": "local_file",
      "name": "ansible_inventory",
      "provider": "provider[\"registry.terraform.io/hashicorp/local\"]",
      "instances": [
        {
          "schema_version": 0,
          "attributes": {
            "content": "[servers]\nbastion-instance ansible_host=34.155.139.235\n\n[all:vars]\nansible_user=engineer\nansible_ssh_private_key_file=~/.ssh/google_compute_engine\nansible_ssh_common_args='-o StrictHostKeyChecking=no -o UserKnownHostsFile=/dev/null'\n",
            "content_base64": null,
            "content_base64sha256": "4GupbskSGIOWFznGjOuo+O/auK17EvB8F1LxRHz9sIk=",
            "content_base64sha512": "PsmFtoRWcBIPnURiF4EfueUabEr4spt1vXDJb1V3Vt5tVZVIaKKFuUNCopJc++76peOpJzlxOcMoTzpWjrkeyQ==",
            "content_md5": "f36726ff463f41435169f068e25ad34c",
            "content_sha1": "0f3312741e8b2b1b65372b233a735c70ab6fbd7c",
            "content_sha256": "e06ba96ec9121883961739c68ceba8f8efdab8ad7b12f07c1752f1447cfdb089",
            "content_sha512": "3ec985b6845670120f9d446217811fb9e51a6c4af8b29b75bd70c96f557756de6d55954868a285b94342a2925cfbeefaa5e3a927397139c3284f3a568eb91ec9",
            "directory_permission": "0777",
            "file_permission": "0777",
            "filename": "Ansible/inventory.ini",
            "id": "0f3312741e8b2b1b65372b233a735c70ab6fbd7c",
            "sensitive_content": null,
            "source": null
          },
          "sensitive_attributes": [
            [
              {
                "type": "get_attr",
                "value": "sensitive_content"
              }
            ]
          ],
          "dependencies": [
            "google_compute_address.static_ip_bastion"
          ]
        }
      ]
    },
    {
      "mode": "managed",
      "type": "null_resource",
      "name": "clear_ssh_known_hosts",
      "provider": "provider[\"registry.terraform.io/hashicorp/null\"]",
      "instances": [
        {
          "schema_version": 0,
          "attributes": {
            "id": "7960286753692624967",
            "triggers": {
              "always_run": "2025-03-10T13:54:16Z"
            }
          },
          "sensitive_attributes": [],
          "dependencies": [
            "google_compute_address.static_ip_bastion"
          ]
        }
      ]
    }
  ],
  "check_results": null
}
