{
  "version": 4,
  "terraform_version": "1.10.5",
  "serial": 153,
  "lineage": "4ca3af9d-9021-150a-f6c3-f36772a6edf4",
  "outputs": {},
  "resources": [
    {
      "mode": "managed",
      "type": "google_compute_address",
      "name": "nocodb_ip",
      "provider": "provider[\"registry.terraform.io/hashicorp/google\"]",
      "instances": [
        {
          "schema_version": 0,
          "attributes": {
            "address": "34.163.198.254",
            "address_type": "EXTERNAL",
            "creation_timestamp": "2025-03-13T07:14:58.706-07:00",
            "description": "",
            "effective_labels": {
              "goog-terraform-provisioned": "true"
            },
            "id": "projects/project-quickdata/regions/europe-west9/addresses/nocodb-ip",
            "ip_version": "",
            "ipv6_endpoint_type": "",
            "label_fingerprint": "vezUS-42LLM=",
            "labels": {},
            "name": "nocodb-ip",
            "network": "",
            "network_tier": "PREMIUM",
            "prefix_length": 0,
            "project": "project-quickdata",
            "purpose": "",
            "region": "europe-west9",
            "self_link": "https://www.googleapis.com/compute/v1/projects/project-quickdata/regions/europe-west9/addresses/nocodb-ip",
            "subnetwork": "",
            "terraform_labels": {
              "goog-terraform-provisioned": "true"
            },
            "timeouts": null,
            "users": [
              "https://www.googleapis.com/compute/v1/projects/project-quickdata/zones/europe-west9-b/instances/nocodb-instance"
            ]
          },
          "sensitive_attributes": [],
          "private": "eyJlMmJmYjczMC1lY2FhLTExZTYtOGY4OC0zNDM2M2JjN2M0YzAiOnsiY3JlYXRlIjoxMjAwMDAwMDAwMDAwLCJkZWxldGUiOjEyMDAwMDAwMDAwMDAsInVwZGF0ZSI6MTIwMDAwMDAwMDAwMH19"
        }
      ]
    },
    {
      "mode": "managed",
      "type": "google_compute_firewall",
      "name": "allow_gcp_ssh2",
      "provider": "provider[\"registry.terraform.io/hashicorp/google\"]",
      "instances": [
        {
          "schema_version": 1,
          "attributes": {
            "allow": [
              {
                "ports": [
                  "22"
                ],
                "protocol": "tcp"
              }
            ],
            "creation_timestamp": "2025-03-13T06:36:37.981-07:00",
            "deny": [],
            "description": "",
            "destination_ranges": [],
            "direction": "INGRESS",
            "disabled": false,
            "enable_logging": null,
            "id": "projects/project-quickdata/global/firewalls/allow-gcp-ssh2",
            "log_config": [],
            "name": "allow-gcp-ssh2",
            "network": "https://www.googleapis.com/compute/v1/projects/project-quickdata/global/networks/rocketvpc",
            "priority": 1000,
            "project": "project-quickdata",
            "self_link": "https://www.googleapis.com/compute/v1/projects/project-quickdata/global/firewalls/allow-gcp-ssh2",
            "source_ranges": [
              "34.163.198.254/32",
              "35.235.240.0/20"
            ],
            "source_service_accounts": [],
            "source_tags": [],
            "target_service_accounts": [],
            "target_tags": [
              "gcp-ssh"
            ],
            "timeouts": null
          },
          "sensitive_attributes": [],
          "private": "eyJlMmJmYjczMC1lY2FhLTExZTYtOGY4OC0zNDM2M2JjN2M0YzAiOnsiY3JlYXRlIjoxMjAwMDAwMDAwMDAwLCJkZWxldGUiOjEyMDAwMDAwMDAwMDAsInVwZGF0ZSI6MTIwMDAwMDAwMDAwMH0sInNjaGVtYV92ZXJzaW9uIjoiMSJ9"
        }
      ]
    },
    {
      "mode": "managed",
      "type": "google_compute_firewall",
      "name": "allow_ssh_from_bastion",
      "provider": "provider[\"registry.terraform.io/hashicorp/google\"]",
      "instances": [
        {
          "schema_version": 1,
          "attributes": {
            "allow": [
              {
                "ports": [
                  "22",
                  "65535"
                ],
                "protocol": "tcp"
              }
            ],
            "creation_timestamp": "2025-03-13T06:57:17.203-07:00",
            "deny": [],
            "description": "",
            "destination_ranges": [],
            "direction": "INGRESS",
            "disabled": false,
            "enable_logging": null,
            "id": "projects/project-quickdata/global/firewalls/allow-ssh-from-bastion",
            "log_config": [],
            "name": "allow-ssh-from-bastion",
            "network": "https://www.googleapis.com/compute/v1/projects/project-quickdata/global/networks/rocketvpc",
            "priority": 1000,
            "project": "project-quickdata",
            "self_link": "https://www.googleapis.com/compute/v1/projects/project-quickdata/global/firewalls/allow-ssh-from-bastion",
            "source_ranges": [
              "10.10.2.0/24"
            ],
            "source_service_accounts": [],
            "source_tags": [],
            "target_service_accounts": [],
            "target_tags": [
              "nocodb"
            ],
            "timeouts": null
          },
          "sensitive_attributes": [],
          "private": "eyJlMmJmYjczMC1lY2FhLTExZTYtOGY4OC0zNDM2M2JjN2M0YzAiOnsiY3JlYXRlIjoxMjAwMDAwMDAwMDAwLCJkZWxldGUiOjEyMDAwMDAwMDAwMDAsInVwZGF0ZSI6MTIwMDAwMDAwMDAwMH0sInNjaGVtYV92ZXJzaW9uIjoiMSJ9"
        }
      ]
    },
    {
      "mode": "managed",
      "type": "google_compute_instance",
      "name": "nocodb-instance",
      "provider": "provider[\"registry.terraform.io/hashicorp/google\"]",
      "instances": [
        {
          "schema_version": 6,
          "attributes": {
            "advanced_machine_features": [],
            "allow_stopping_for_update": true,
            "attached_disk": [],
            "boot_disk": [
              {
                "auto_delete": true,
                "device_name": "persistent-disk-0",
                "disk_encryption_key_raw": "",
                "disk_encryption_key_sha256": "",
                "initialize_params": [
                  {
                    "enable_confidential_compute": false,
                    "image": "https://www.googleapis.com/compute/v1/projects/debian-cloud/global/images/debian-12-bookworm-v20250212",
                    "labels": {},
                    "provisioned_iops": 0,
                    "provisioned_throughput": 0,
                    "resource_manager_tags": {},
                    "resource_policies": [],
                    "size": 20,
                    "storage_pool": "",
                    "type": "pd-standard"
                  }
                ],
                "interface": "",
                "kms_key_self_link": "",
                "mode": "READ_WRITE",
                "source": "https://www.googleapis.com/compute/v1/projects/project-quickdata/zones/europe-west9-b/disks/nocodb-instance"
              }
            ],
            "can_ip_forward": false,
            "confidential_instance_config": [],
            "cpu_platform": "Intel Broadwell",
            "creation_timestamp": "2025-03-13T06:35:35.655-07:00",
            "current_status": "RUNNING",
            "deletion_protection": false,
            "description": "",
            "desired_status": null,
            "effective_labels": {
              "goog-terraform-provisioned": "true"
            },
            "enable_display": false,
            "guest_accelerator": [],
            "hostname": "nocodb.local",
            "id": "projects/project-quickdata/zones/europe-west9-b/instances/nocodb-instance",
            "instance_id": "1988699607827177928",
            "key_revocation_action_type": "",
            "label_fingerprint": "vezUS-42LLM=",
            "labels": {},
            "machine_type": "e2-medium",
            "metadata": {
              "ssh-keys": "mallaury_ratajczyk:ssh-rsa AAAAB3NzaC1yc2EAAAADAQABAAABgQC5AQlkV4LUjLcBOpn6Nz42lOhxeWQ0d59P7vusbPi3NOdz1LZwQLJ/4Ju2RoMPBH9ZHDfJC7+V0wwEdTbpgMrdsxwZdY6awrr4CtuC1M+FIpv+7azsjXBW3286SIuEohM0nSMZjbIxZhShs94stH3JRD85daZStWHmHn/7yj2wrmlpQQfTHwLaDDHum999yiQgO40vnxckCriLO27ZYoE0+xFlPctQtbF3bDuvcmwUabdfA1fw9dj9HlakrWaRPShK9Bu2THsNZQmPS/ICB3lA9YqY7xdK7ck1S8uzsCOJiI3cbX8qqqxhO0SoI0xFkFmmMjvctxngvhelCrBtnsrGNmF4CJnCd+5IGW6R5JY52Bj7PX0Qy27uDDQCWEGDiUXWb9qIGcypm2slG7wluLPh1EP2QmgkSwn69wE6Bg6q7rQpymbINvnyrXv1b/K/eVSWsAg0uodDIJnGm/jeGDgLQwqGvRkFU/+V1Qk9An8j0MlZ849tSDEkVgUqdsb71tM= engineer@debian\n"
            },
            "metadata_fingerprint": "8jLEnyYj-lc=",
            "metadata_startup_script": null,
            "min_cpu_platform": "",
            "name": "nocodb-instance",
            "network_interface": [
              {
                "access_config": [
                  {
                    "nat_ip": "34.163.198.254",
                    "network_tier": "PREMIUM",
                    "public_ptr_domain_name": ""
                  }
                ],
                "alias_ip_range": [],
                "internal_ipv6_prefix_length": 0,
                "ipv6_access_config": [],
                "ipv6_access_type": "",
                "ipv6_address": "",
                "name": "nic0",
                "network": "https://www.googleapis.com/compute/v1/projects/project-quickdata/global/networks/rocketvpc",
                "network_attachment": "",
                "network_ip": "10.10.1.2",
                "nic_type": "",
                "queue_count": 0,
                "stack_type": "IPV4_ONLY",
                "subnetwork": "https://www.googleapis.com/compute/v1/projects/project-quickdata/regions/europe-west9/subnetworks/subnet-nocodb",
                "subnetwork_project": "project-quickdata"
              }
            ],
            "network_performance_config": [],
            "params": [],
            "project": "project-quickdata",
            "reservation_affinity": [],
            "resource_policies": [],
            "scheduling": [
              {
                "automatic_restart": true,
                "availability_domain": 0,
                "instance_termination_action": "",
                "local_ssd_recovery_timeout": [],
                "max_run_duration": [],
                "min_node_cpus": 0,
                "node_affinities": [],
                "on_host_maintenance": "MIGRATE",
                "on_instance_stop_action": [],
                "preemptible": false,
                "provisioning_model": "STANDARD"
              }
            ],
            "scratch_disk": [],
            "self_link": "https://www.googleapis.com/compute/v1/projects/project-quickdata/zones/europe-west9-b/instances/nocodb-instance",
            "service_account": [],
            "shielded_instance_config": [
              {
                "enable_integrity_monitoring": true,
                "enable_secure_boot": false,
                "enable_vtpm": true
              }
            ],
            "tags": [
              "gcp-ssh",
              "nocodb"
            ],
            "tags_fingerprint": "ZlBfAmB0Fzo=",
            "terraform_labels": {
              "goog-terraform-provisioned": "true"
            },
            "timeouts": null,
            "zone": "europe-west9-b"
          },
          "sensitive_attributes": [
            [
              {
                "type": "get_attr",
                "value": "boot_disk"
              },
              {
                "type": "index",
                "value": {
                  "value": 0,
                  "type": "number"
                }
              },
              {
                "type": "get_attr",
                "value": "disk_encryption_key_raw"
              }
            ]
          ],
          "private": "eyJlMmJmYjczMC1lY2FhLTExZTYtOGY4OC0zNDM2M2JjN2M0YzAiOnsiY3JlYXRlIjoxMjAwMDAwMDAwMDAwLCJkZWxldGUiOjEyMDAwMDAwMDAwMDAsInVwZGF0ZSI6MTIwMDAwMDAwMDAwMH0sInNjaGVtYV92ZXJzaW9uIjoiNiJ9",
          "dependencies": [
            "google_compute_address.nocodb_ip"
          ]
        }
      ]
    },
    {
      "mode": "managed",
      "type": "local_file",
      "name": "ansible_inventory",
      "provider": "provider[\"registry.terraform.io/hashicorp/local\"]",
      "instances": [
        {
          "schema_version": 0,
          "attributes": {
            "content": "[servers]\nnocodb-instance ansible_host=10.10.1.2\n\n[all:vars]\nansible_user=engineer\nansible_ssh_private_key_file=~/.ssh/google_compute_engine\nansible_ssh_common_args='-o StrictHostKeyChecking=no -o UserKnownHostsFile=/dev/null -o ProxyCommand=\"gcloud compute ssh --project project-quickdata --zone europe-west9-b --tunnel-through-iap --ssh-flag=-A --ssh-flag=-oStrictHostKeyChecking=no --ssh-flag=-oUserKnownHostsFile=/dev/null engineer@nocodb-instance\"'\n",
            "content_base64": null,
            "content_base64sha256": "tM/1tVD5HxUtTdkS19nEJ9tFlg4GoAARUdD+6aqiMUw=",
            "content_base64sha512": "QcIWsiiwANPFG06LXbvrj8wolVom6tCfJDrmmdVNBGH5LL63+7sN6d3Xko9GT8Nmto/JCG1uhrVSmcXmJE8FnA==",
            "content_md5": "97835e58cd34da3e3c35e5f626cf14a3",
            "content_sha1": "32d01a3ea6578048ad604a617ef26f6ac7c11f23",
            "content_sha256": "b4cff5b550f91f152d4dd912d7d9c427db45960e06a0001151d0fee9aaa2314c",
            "content_sha512": "41c216b228b000d3c51b4e8b5dbbeb8fcc28955a26ead09f243ae699d54d0461f92cbeb7fbbb0de9ddd7928f464fc366b68fc9086d6e86b55299c5e6244f059c",
            "directory_permission": "0777",
            "file_permission": "0777",
            "filename": "Ansible/inventory.ini",
            "id": "32d01a3ea6578048ad604a617ef26f6ac7c11f23",
            "sensitive_content": null,
            "source": null
          },
          "sensitive_attributes": [
            [
              {
                "type": "get_attr",
                "value": "sensitive_content"
              }
            ]
          ],
          "dependencies": [
            "google_compute_address.nocodb_ip",
            "google_compute_instance.nocodb-instance"
          ]
        }
      ]
    }
  ],
  "check_results": null
}
