{
  "version": 4,
  "terraform_version": "1.10.5",
  "serial": 172,
  "lineage": "4ca3af9d-9021-150a-f6c3-f36772a6edf4",
  "outputs": {},
  "resources": [
    {
      "mode": "managed",
      "type": "google_compute_address",
      "name": "static_ip_nocodb",
      "provider": "provider[\"registry.terraform.io/hashicorp/google\"]",
      "instances": [
        {
          "schema_version": 0,
          "attributes": {
            "address": "34.155.139.235",
            "address_type": "EXTERNAL",
            "creation_timestamp": "2025-03-13T07:37:43.690-07:00",
            "description": "",
            "effective_labels": {
              "goog-terraform-provisioned": "true"
            },
            "id": "projects/project-quickdata/regions/europe-west9/addresses/static-ip-nocodb",
            "ip_version": "",
            "ipv6_endpoint_type": "",
            "label_fingerprint": "vezUS-42LLM=",
            "labels": {},
            "name": "static-ip-nocodb",
            "network": "",
            "network_tier": "PREMIUM",
            "prefix_length": 0,
            "project": "project-quickdata",
            "purpose": "",
            "region": "europe-west9",
            "self_link": "https://www.googleapis.com/compute/v1/projects/project-quickdata/regions/europe-west9/addresses/static-ip-nocodb",
            "subnetwork": "",
            "terraform_labels": {
              "goog-terraform-provisioned": "true"
            },
            "timeouts": null,
            "users": [
              "https://www.googleapis.com/compute/v1/projects/project-quickdata/zones/europe-west9-b/instances/nocodb-instance"
            ]
          },
          "sensitive_attributes": [],
          "private": "eyJlMmJmYjczMC1lY2FhLTExZTYtOGY4OC0zNDM2M2JjN2M0YzAiOnsiY3JlYXRlIjoxMjAwMDAwMDAwMDAwLCJkZWxldGUiOjEyMDAwMDAwMDAwMDAsInVwZGF0ZSI6MTIwMDAwMDAwMDAwMH19"
        }
      ]
    },
    {
      "mode": "managed",
      "type": "google_compute_firewall",
      "name": "allow_gcp_ssh2",
      "provider": "provider[\"registry.terraform.io/hashicorp/google\"]",
      "instances": [
        {
          "schema_version": 1,
          "attributes": {
            "allow": [
              {
                "ports": [
                  "22"
                ],
                "protocol": "tcp"
              }
            ],
            "creation_timestamp": "2025-03-13T06:36:37.981-07:00",
            "deny": [],
            "description": "",
            "destination_ranges": [],
            "direction": "INGRESS",
            "disabled": false,
            "enable_logging": null,
            "id": "projects/project-quickdata/global/firewalls/allow-gcp-ssh2",
            "log_config": [],
            "name": "allow-gcp-ssh2",
            "network": "https://www.googleapis.com/compute/v1/projects/project-quickdata/global/networks/rocketvpc",
            "priority": 1000,
            "project": "project-quickdata",
            "self_link": "https://www.googleapis.com/compute/v1/projects/project-quickdata/global/firewalls/allow-gcp-ssh2",
            "source_ranges": [
              "0.0.0.0/0"
            ],
            "source_service_accounts": [],
            "source_tags": [],
            "target_service_accounts": [],
            "target_tags": [
              "gcp-ssh"
            ],
            "timeouts": null
          },
          "sensitive_attributes": [],
          "private": "eyJlMmJmYjczMC1lY2FhLTExZTYtOGY4OC0zNDM2M2JjN2M0YzAiOnsiY3JlYXRlIjoxMjAwMDAwMDAwMDAwLCJkZWxldGUiOjEyMDAwMDAwMDAwMDAsInVwZGF0ZSI6MTIwMDAwMDAwMDAwMH0sInNjaGVtYV92ZXJzaW9uIjoiMSJ9"
        }
      ]
    },
    {
      "mode": "managed",
      "type": "google_compute_firewall",
      "name": "allow_node_exporter",
      "provider": "provider[\"registry.terraform.io/hashicorp/google\"]",
      "instances": [
        {
          "schema_version": 1,
          "attributes": {
            "allow": [
              {
                "ports": [
                  "9100"
                ],
                "protocol": "tcp"
              }
            ],
            "creation_timestamp": "2025-03-13T07:37:43.758-07:00",
            "deny": [],
            "description": "",
            "destination_ranges": [],
            "direction": "INGRESS",
            "disabled": false,
            "enable_logging": null,
            "id": "projects/project-quickdata/global/firewalls/allow-node-exporter",
            "log_config": [],
            "name": "allow-node-exporter",
            "network": "https://www.googleapis.com/compute/v1/projects/project-quickdata/global/networks/default",
            "priority": 1000,
            "project": "project-quickdata",
            "self_link": "https://www.googleapis.com/compute/v1/projects/project-quickdata/global/firewalls/allow-node-exporter",
            "source_ranges": [
              "34.163.103.61/32"
            ],
            "source_service_accounts": [],
            "source_tags": [],
            "target_service_accounts": [],
            "target_tags": [
              "node-exporter"
            ],
            "timeouts": null
          },
          "sensitive_attributes": [],
          "private": "eyJlMmJmYjczMC1lY2FhLTExZTYtOGY4OC0zNDM2M2JjN2M0YzAiOnsiY3JlYXRlIjoxMjAwMDAwMDAwMDAwLCJkZWxldGUiOjEyMDAwMDAwMDAwMDAsInVwZGF0ZSI6MTIwMDAwMDAwMDAwMH0sInNjaGVtYV92ZXJzaW9uIjoiMSJ9"
        }
      ]
    },
    {
      "mode": "managed",
      "type": "google_compute_firewall",
      "name": "allow_proxy_port",
      "provider": "provider[\"registry.terraform.io/hashicorp/google\"]",
      "instances": [
        {
          "schema_version": 1,
          "attributes": {
            "allow": [
              {
                "ports": [
                  "32222"
                ],
                "protocol": "tcp"
              }
            ],
            "creation_timestamp": "2025-03-13T07:37:43.764-07:00",
            "deny": [],
            "description": "",
            "destination_ranges": [],
            "direction": "INGRESS",
            "disabled": false,
            "enable_logging": null,
            "id": "projects/project-quickdata/global/firewalls/allow-proxy-port",
            "log_config": [],
            "name": "allow-proxy-port",
            "network": "https://www.googleapis.com/compute/v1/projects/project-quickdata/global/networks/default",
            "priority": 1000,
            "project": "project-quickdata",
            "self_link": "https://www.googleapis.com/compute/v1/projects/project-quickdata/global/firewalls/allow-proxy-port",
            "source_ranges": [
              "10.10.2.2/32",
              "34.155.139.235/32"
            ],
            "source_service_accounts": [],
            "source_tags": [],
            "target_service_accounts": [],
            "target_tags": [
              "proxy-port"
            ],
            "timeouts": null
          },
          "sensitive_attributes": [],
          "private": "eyJlMmJmYjczMC1lY2FhLTExZTYtOGY4OC0zNDM2M2JjN2M0YzAiOnsiY3JlYXRlIjoxMjAwMDAwMDAwMDAwLCJkZWxldGUiOjEyMDAwMDAwMDAwMDAsInVwZGF0ZSI6MTIwMDAwMDAwMDAwMH0sInNjaGVtYV92ZXJzaW9uIjoiMSJ9"
        }
      ]
    },
    {
      "mode": "managed",
      "type": "google_compute_firewall",
      "name": "allow_ssh_from_bastion",
      "provider": "provider[\"registry.terraform.io/hashicorp/google\"]",
      "instances": [
        {
          "schema_version": 1,
          "attributes": {
            "allow": [
              {
                "ports": [
                  "22",
                  "65535"
                ],
                "protocol": "tcp"
              }
            ],
            "creation_timestamp": "2025-03-13T06:57:17.203-07:00",
            "deny": [],
            "description": "",
            "destination_ranges": [],
            "direction": "INGRESS",
            "disabled": false,
            "enable_logging": null,
            "id": "projects/project-quickdata/global/firewalls/allow-ssh-from-bastion",
            "log_config": [],
            "name": "allow-ssh-from-bastion",
            "network": "https://www.googleapis.com/compute/v1/projects/project-quickdata/global/networks/rocketvpc",
            "priority": 1000,
            "project": "project-quickdata",
            "self_link": "https://www.googleapis.com/compute/v1/projects/project-quickdata/global/firewalls/allow-ssh-from-bastion",
            "source_ranges": [
              "10.10.2.0/24"
            ],
            "source_service_accounts": [],
            "source_tags": [],
            "target_service_accounts": [],
            "target_tags": [
              "nocodb"
            ],
            "timeouts": null
          },
          "sensitive_attributes": [],
          "private": "eyJlMmJmYjczMC1lY2FhLTExZTYtOGY4OC0zNDM2M2JjN2M0YzAiOnsiY3JlYXRlIjoxMjAwMDAwMDAwMDAwLCJkZWxldGUiOjEyMDAwMDAwMDAwMDAsInVwZGF0ZSI6MTIwMDAwMDAwMDAwMH0sInNjaGVtYV92ZXJzaW9uIjoiMSJ9"
        }
      ]
    },
    {
      "mode": "managed",
      "type": "google_compute_instance",
      "name": "nocodb-instance",
      "provider": "provider[\"registry.terraform.io/hashicorp/google\"]",
      "instances": [
        {
          "schema_version": 6,
          "attributes": {
            "advanced_machine_features": [],
            "allow_stopping_for_update": false,
            "attached_disk": [],
            "boot_disk": [
              {
                "auto_delete": true,
                "device_name": "persistent-disk-0",
                "disk_encryption_key_raw": "",
                "disk_encryption_key_sha256": "",
                "initialize_params": [
                  {
                    "enable_confidential_compute": false,
                    "image": "https://www.googleapis.com/compute/v1/projects/debian-cloud/global/images/debian-12-bookworm-v20250212",
                    "labels": {},
                    "provisioned_iops": 0,
                    "provisioned_throughput": 0,
                    "resource_manager_tags": {},
                    "resource_policies": [],
                    "size": 20,
                    "storage_pool": "",
                    "type": "pd-standard"
                  }
                ],
                "interface": "",
                "kms_key_self_link": "",
                "mode": "READ_WRITE",
                "source": "https://www.googleapis.com/compute/v1/projects/project-quickdata/zones/europe-west9-b/disks/nocodb-instance"
              }
            ],
            "can_ip_forward": false,
            "confidential_instance_config": [],
            "cpu_platform": "Intel Broadwell",
            "creation_timestamp": "2025-03-13T06:35:35.655-07:00",
            "current_status": "RUNNING",
            "deletion_protection": false,
            "description": "",
            "desired_status": null,
            "effective_labels": {
              "goog-terraform-provisioned": "true"
            },
            "enable_display": false,
            "guest_accelerator": [],
            "hostname": "nocodb.local",
            "id": "projects/project-quickdata/zones/europe-west9-b/instances/nocodb-instance",
            "instance_id": "1988699607827177928",
            "key_revocation_action_type": "",
            "label_fingerprint": "vezUS-42LLM=",
            "labels": {},
            "machine_type": "e2-medium",
            "metadata": {
              "ssh-keys": "engineer:ssh-rsa AAAAB3NzaC1yc2EAAAADAQABAAABgQC5AQlkV4LUjLcBOpn6Nz42lOhxeWQ0d59P7vusbPi3NOdz1LZwQLJ/4Ju2RoMPBH9ZHDfJC7+V0wwEdTbpgMrdsxwZdY6awrr4CtuC1M+FIpv+7azsjXBW3286SIuEohM0nSMZjbIxZhShs94stH3JRD85daZStWHmHn/7yj2wrmlpQQfTHwLaDDHum999yiQgO40vnxckCriLO27ZYoE0+xFlPctQtbF3bDuvcmwUabdfA1fw9dj9HlakrWaRPShK9Bu2THsNZQmPS/ICB3lA9YqY7xdK7ck1S8uzsCOJiI3cbX8qqqxhO0SoI0xFkFmmMjvctxngvhelCrBtnsrGNmF4CJnCd+5IGW6R5JY52Bj7PX0Qy27uDDQCWEGDiUXWb9qIGcypm2slG7wluLPh1EP2QmgkSwn69wE6Bg6q7rQpymbINvnyrXv1b/K/eVSWsAg0uodDIJnGm/jeGDgLQwqGvRkFU/+V1Qk9An8j0MlZ849tSDEkVgUqdsb71tM= engineer@debian\n"
            },
            "metadata_fingerprint": "BuYbS8kyDZI=",
            "metadata_startup_script": null,
            "min_cpu_platform": "",
            "name": "nocodb-instance",
            "network_interface": [
              {
                "access_config": [
                  {
                    "nat_ip": "34.155.139.235",
                    "network_tier": "PREMIUM",
                    "public_ptr_domain_name": ""
                  }
                ],
                "alias_ip_range": [],
                "internal_ipv6_prefix_length": 0,
                "ipv6_access_config": [],
                "ipv6_access_type": "",
                "ipv6_address": "",
                "name": "nic0",
                "network": "https://www.googleapis.com/compute/v1/projects/project-quickdata/global/networks/rocketvpc",
                "network_attachment": "",
                "network_ip": "10.10.1.2",
                "nic_type": "",
                "queue_count": 0,
                "stack_type": "IPV4_ONLY",
                "subnetwork": "https://www.googleapis.com/compute/v1/projects/project-quickdata/regions/europe-west9/subnetworks/subnet-nocodb",
                "subnetwork_project": "project-quickdata"
              }
            ],
            "network_performance_config": [],
            "params": [],
            "project": "project-quickdata",
            "reservation_affinity": [],
            "resource_policies": [],
            "scheduling": [
              {
                "automatic_restart": true,
                "availability_domain": 0,
                "instance_termination_action": "",
                "local_ssd_recovery_timeout": [],
                "max_run_duration": [],
                "min_node_cpus": 0,
                "node_affinities": [],
                "on_host_maintenance": "MIGRATE",
                "on_instance_stop_action": [],
                "preemptible": false,
                "provisioning_model": "STANDARD"
              }
            ],
            "scratch_disk": [],
            "self_link": "https://www.googleapis.com/compute/v1/projects/project-quickdata/zones/europe-west9-b/instances/nocodb-instance",
            "service_account": [],
            "shielded_instance_config": [
              {
                "enable_integrity_monitoring": true,
                "enable_secure_boot": false,
                "enable_vtpm": true
              }
            ],
            "tags": [
              "bastion",
              "gcp-ssh",
              "nocodb"
            ],
            "tags_fingerprint": "rCyElzHPq7w=",
            "terraform_labels": {
              "goog-terraform-provisioned": "true"
            },
            "timeouts": null,
            "zone": "europe-west9-b"
          },
          "sensitive_attributes": [
            [
              {
                "type": "get_attr",
                "value": "boot_disk"
              },
              {
                "type": "index",
                "value": {
                  "value": 0,
                  "type": "number"
                }
              },
              {
                "type": "get_attr",
                "value": "disk_encryption_key_raw"
              }
            ]
          ],
          "private": "eyJlMmJmYjczMC1lY2FhLTExZTYtOGY4OC0zNDM2M2JjN2M0YzAiOnsiY3JlYXRlIjoxMjAwMDAwMDAwMDAwLCJkZWxldGUiOjEyMDAwMDAwMDAwMDAsInVwZGF0ZSI6MTIwMDAwMDAwMDAwMH0sInNjaGVtYV92ZXJzaW9uIjoiNiJ9",
          "dependencies": [
            "google_compute_address.static_ip_nocodb"
          ]
        }
      ]
    },
    {
      "mode": "managed",
      "type": "local_file",
      "name": "ansible_inventory",
      "provider": "provider[\"registry.terraform.io/hashicorp/local\"]",
      "instances": [
        {
          "schema_version": 0,
          "attributes": {
            "content": "[servers]\nnocodb-instance ansible_host=34.155.139.235\n\n[all:vars]\nansible_user=engineer\nansible_ssh_private_key_file=~/.ssh/google_compute_engine\nansible_ssh_common_args='-o StrictHostKeyChecking=no -o UserKnownHostsFile=/dev/null'\n",
            "content_base64": null,
            "content_base64sha256": "ZuvfLegJOcookYUtBB2Q4T4wnuzjl1YKLsgdHqRj6rg=",
            "content_base64sha512": "7yNbplSF7hx+oU1nBP002IZ1rbQapLd1bW6bgXDsgTcZOAkiSeckH56NEgmJHbieJI9z6DgsGSu8Vh7yh4Yz1A==",
            "content_md5": "7f5d308e23f38d471703693fba7e7d4b",
            "content_sha1": "d523b207f586728767296715ac081805642b1c0f",
            "content_sha256": "66ebdf2de80939ca2891852d041d90e13e309eece397560a2ec81d1ea463eab8",
            "content_sha512": "ef235ba65485ee1c7ea14d6704fd34d88675adb41aa4b7756d6e9b8170ec81371938092249e7241f9e8d1209891db89e248f73e8382c192bbc561ef2878633d4",
            "directory_permission": "0777",
            "file_permission": "0777",
            "filename": "Ansible/inventory.ini",
            "id": "d523b207f586728767296715ac081805642b1c0f",
            "sensitive_content": null,
            "source": null
          },
          "sensitive_attributes": [
            [
              {
                "type": "get_attr",
                "value": "sensitive_content"
              }
            ]
          ],
          "dependencies": [
            "google_compute_address.static_ip_nocodb"
          ]
        }
      ]
    },
    {
      "mode": "managed",
      "type": "null_resource",
      "name": "clear_ssh_known_hosts",
      "provider": "provider[\"registry.terraform.io/hashicorp/null\"]",
      "instances": [
        {
          "schema_version": 0,
          "attributes": {
            "id": "2475929297886456577",
            "triggers": {
              "always_run": "2025-03-13T15:16:42Z"
            }
          },
          "sensitive_attributes": [],
          "dependencies": [
            "google_compute_address.static_ip_nocodb"
          ]
        }
      ]
    }
  ],
  "check_results": null
}
