{
  "version": 4,
  "terraform_version": "1.10.5",
  "serial": 45,
  "lineage": "4ca3af9d-9021-150a-f6c3-f36772a6edf4",
  "outputs": {
    "instance_ip": {
      "value": "34.163.251.126",
      "type": "string"
    }
  },
  "resources": [
    {
      "mode": "managed",
      "type": "google_compute_address",
      "name": "static_ip_nocodb",
      "provider": "provider[\"registry.terraform.io/hashicorp/google\"]",
      "instances": [
        {
          "schema_version": 0,
          "attributes": {
            "address": "34.163.251.126",
            "address_type": "EXTERNAL",
            "creation_timestamp": "2025-03-10T06:57:44.348-07:00",
            "description": "",
            "effective_labels": {
              "goog-terraform-provisioned": "true"
            },
            "id": "projects/project-quickdata/regions/europe-west9/addresses/static-ip-nocodb",
            "ip_version": "",
            "ipv6_endpoint_type": "",
            "label_fingerprint": "vezUS-42LLM=",
            "labels": {},
            "name": "static-ip-nocodb",
            "network": "",
            "network_tier": "PREMIUM",
            "prefix_length": 0,
            "project": "project-quickdata",
            "purpose": "",
            "region": "europe-west9",
            "self_link": "https://www.googleapis.com/compute/v1/projects/project-quickdata/regions/europe-west9/addresses/static-ip-nocodb",
            "subnetwork": "",
            "terraform_labels": {
              "goog-terraform-provisioned": "true"
            },
            "timeouts": null,
            "users": [
              "https://www.googleapis.com/compute/v1/projects/project-quickdata/zones/europe-west9-b/instances/nocodb-instance"
            ]
          },
          "sensitive_attributes": [],
          "private": "eyJlMmJmYjczMC1lY2FhLTExZTYtOGY4OC0zNDM2M2JjN2M0YzAiOnsiY3JlYXRlIjoxMjAwMDAwMDAwMDAwLCJkZWxldGUiOjEyMDAwMDAwMDAwMDAsInVwZGF0ZSI6MTIwMDAwMDAwMDAwMH19"
        }
      ]
    },
    {
      "mode": "managed",
      "type": "google_compute_firewall",
      "name": "allow_custom_port",
      "provider": "provider[\"registry.terraform.io/hashicorp/google\"]",
      "instances": [
        {
          "schema_version": 1,
          "attributes": {
            "allow": [
              {
                "ports": [
                  "32222"
                ],
                "protocol": "tcp"
              }
            ],
            "creation_timestamp": "2025-03-11T07:19:00.459-07:00",
            "deny": [],
            "description": "",
            "destination_ranges": [],
            "direction": "INGRESS",
            "disabled": false,
            "enable_logging": null,
            "id": "projects/project-quickdata/global/firewalls/allow-custom-port",
            "log_config": [],
            "name": "allow-custom-port",
            "network": "https://www.googleapis.com/compute/v1/projects/project-quickdata/global/networks/default",
            "priority": 1000,
            "project": "project-quickdata",
            "self_link": "https://www.googleapis.com/compute/v1/projects/project-quickdata/global/firewalls/allow-custom-port",
            "source_ranges": [
              "34.155.139.235/32"
            ],
            "source_service_accounts": null,
            "source_tags": null,
            "target_service_accounts": null,
            "target_tags": [
              "custom-port"
            ],
            "timeouts": null
          },
          "sensitive_attributes": [],
          "private": "eyJlMmJmYjczMC1lY2FhLTExZTYtOGY4OC0zNDM2M2JjN2M0YzAiOnsiY3JlYXRlIjoxMjAwMDAwMDAwMDAwLCJkZWxldGUiOjEyMDAwMDAwMDAwMDAsInVwZGF0ZSI6MTIwMDAwMDAwMDAwMH0sInNjaGVtYV92ZXJzaW9uIjoiMSJ9"
        }
      ]
    },
    {
      "mode": "managed",
      "type": "google_compute_firewall",
      "name": "allow_node_exporter",
      "provider": "provider[\"registry.terraform.io/hashicorp/google\"]",
      "instances": [
        {
          "schema_version": 1,
          "attributes": {
            "allow": [
              {
                "ports": [
                  "9100"
                ],
                "protocol": "tcp"
              }
            ],
            "creation_timestamp": "2025-03-11T07:19:00.459-07:00",
            "deny": [],
            "description": "",
            "destination_ranges": [],
            "direction": "INGRESS",
            "disabled": false,
            "enable_logging": null,
            "id": "projects/project-quickdata/global/firewalls/allow-node-exporter",
            "log_config": [],
            "name": "allow-node-exporter",
            "network": "https://www.googleapis.com/compute/v1/projects/project-quickdata/global/networks/default",
            "priority": 1000,
            "project": "project-quickdata",
            "self_link": "https://www.googleapis.com/compute/v1/projects/project-quickdata/global/firewalls/allow-node-exporter",
            "source_ranges": [
              "34.163.103.61/32"
            ],
            "source_service_accounts": null,
            "source_tags": null,
            "target_service_accounts": null,
            "target_tags": [
              "node-exporter"
            ],
            "timeouts": null
          },
          "sensitive_attributes": [],
          "private": "eyJlMmJmYjczMC1lY2FhLTExZTYtOGY4OC0zNDM2M2JjN2M0YzAiOnsiY3JlYXRlIjoxMjAwMDAwMDAwMDAwLCJkZWxldGUiOjEyMDAwMDAwMDAwMDAsInVwZGF0ZSI6MTIwMDAwMDAwMDAwMH0sInNjaGVtYV92ZXJzaW9uIjoiMSJ9"
        }
      ]
    },
    {
      "mode": "managed",
      "type": "google_compute_instance",
      "name": "nocodb-instance",
      "provider": "provider[\"registry.terraform.io/hashicorp/google\"]",
      "instances": [
        {
          "schema_version": 6,
          "attributes": {
            "advanced_machine_features": [],
            "allow_stopping_for_update": null,
            "attached_disk": [],
            "boot_disk": [
              {
                "auto_delete": true,
                "device_name": "persistent-disk-0",
                "disk_encryption_key_raw": "",
                "disk_encryption_key_sha256": "",
                "initialize_params": [
                  {
                    "enable_confidential_compute": false,
                    "image": "https://www.googleapis.com/compute/v1/projects/debian-cloud/global/images/debian-12-bookworm-v20250212",
                    "labels": {},
                    "provisioned_iops": 0,
                    "provisioned_throughput": 0,
                    "resource_manager_tags": {},
                    "resource_policies": [],
                    "size": 20,
                    "storage_pool": "",
                    "type": "pd-standard"
                  }
                ],
                "interface": "",
                "kms_key_self_link": "",
                "mode": "READ_WRITE",
                "source": "https://www.googleapis.com/compute/v1/projects/project-quickdata/zones/europe-west9-b/disks/nocodb-instance"
              }
            ],
            "can_ip_forward": false,
            "confidential_instance_config": [],
            "cpu_platform": "Intel Broadwell",
            "creation_timestamp": "2025-03-10T06:57:56.369-07:00",
            "current_status": "RUNNING",
            "deletion_protection": false,
            "description": "",
            "desired_status": null,
            "effective_labels": {
              "goog-terraform-provisioned": "true"
            },
            "enable_display": false,
            "guest_accelerator": [],
            "hostname": "nocodb.local",
            "id": "projects/project-quickdata/zones/europe-west9-b/instances/nocodb-instance",
            "instance_id": "1608859834107777291",
            "key_revocation_action_type": "",
            "label_fingerprint": "vezUS-42LLM=",
            "labels": {},
            "machine_type": "e2-medium",
            "metadata": {
              "ssh-keys": "engineer:ssh-rsa AAAAB3NzaC1yc2EAAAADAQABAAABAQC8oXXRlD+ibQ68YCFnzstkHsM9zgJIXKardWf26qMMxgoc7BW6GJRdbD5+tEgS3epdFpkirDRMjW2CjeXfMz+UFPBCRTTTXLxvArDB+VOX8Pa2BJ09OqtzrARTr54l8E4xe2yuleajTd3eYY13QbXGn3jN429PKtG7KGMpzM+YQqY59LD+AaNu6qgDZtWB7iSPDu/61Q7GL3SSB4sVZuje47uWWCkA+u2McYwnjaSmD3FkUm55gx3IdyMI59fDuGP5iLl5vHthWy086yeJmXdmrd8mq3K12pBETEw+ppZqoaxjW9VFyYXRFCR6/Q4NIyttXinphBDgS2BpM5Iht/I1 GitLab\n"
            },
            "metadata_fingerprint": "z0TNmv2b3Oo=",
            "metadata_startup_script": null,
            "min_cpu_platform": "",
            "name": "nocodb-instance",
            "network_interface": [
              {
                "access_config": [
                  {
                    "nat_ip": "34.163.251.126",
                    "network_tier": "PREMIUM",
                    "public_ptr_domain_name": ""
                  }
                ],
                "alias_ip_range": [],
                "internal_ipv6_prefix_length": 0,
                "ipv6_access_config": [],
                "ipv6_access_type": "",
                "ipv6_address": "",
                "name": "nic0",
                "network": "https://www.googleapis.com/compute/v1/projects/project-quickdata/global/networks/default",
                "network_attachment": "",
                "network_ip": "10.200.0.39",
                "nic_type": "",
                "queue_count": 0,
                "stack_type": "IPV4_ONLY",
                "subnetwork": "https://www.googleapis.com/compute/v1/projects/project-quickdata/regions/europe-west9/subnetworks/default",
                "subnetwork_project": "project-quickdata"
              }
            ],
            "network_performance_config": [],
            "params": [],
            "project": "project-quickdata",
            "reservation_affinity": [],
            "resource_policies": [],
            "scheduling": [
              {
                "automatic_restart": true,
                "availability_domain": 0,
                "instance_termination_action": "",
                "local_ssd_recovery_timeout": [],
                "max_run_duration": [],
                "min_node_cpus": 0,
                "node_affinities": [],
                "on_host_maintenance": "MIGRATE",
                "on_instance_stop_action": [],
                "preemptible": false,
                "provisioning_model": "STANDARD"
              }
            ],
            "scratch_disk": [],
            "self_link": "https://www.googleapis.com/compute/v1/projects/project-quickdata/zones/europe-west9-b/instances/nocodb-instance",
            "service_account": [],
            "shielded_instance_config": [
              {
                "enable_integrity_monitoring": true,
                "enable_secure_boot": false,
                "enable_vtpm": true
              }
            ],
            "tags": [
              "custom-port",
              "node-exporter"
            ],
            "tags_fingerprint": "MDT-chFWgWg=",
            "terraform_labels": {
              "goog-terraform-provisioned": "true"
            },
            "timeouts": null,
            "zone": "europe-west9-b"
          },
          "sensitive_attributes": [
            [
              {
                "type": "get_attr",
                "value": "boot_disk"
              },
              {
                "type": "index",
                "value": {
                  "value": 0,
                  "type": "number"
                }
              },
              {
                "type": "get_attr",
                "value": "disk_encryption_key_raw"
              }
            ]
          ],
          "private": "eyJlMmJmYjczMC1lY2FhLTExZTYtOGY4OC0zNDM2M2JjN2M0YzAiOnsiY3JlYXRlIjoxMjAwMDAwMDAwMDAwLCJkZWxldGUiOjEyMDAwMDAwMDAwMDAsInVwZGF0ZSI6MTIwMDAwMDAwMDAwMH0sInNjaGVtYV92ZXJzaW9uIjoiNiJ9",
          "dependencies": [
            "google_compute_address.static_ip_nocodb"
          ]
        }
      ]
    },
    {
      "mode": "managed",
      "type": "local_file",
      "name": "ansible_inventory",
      "provider": "provider[\"registry.terraform.io/hashicorp/local\"]",
      "instances": [
        {
          "schema_version": 0,
          "attributes": {
            "content": "[servers]\nnocodb-instance ansible_host=34.163.251.126\n\n[all:vars]\nansible_user=engineer\nansible_ssh_private_key_file=~/.ssh/google_compute_engine\nansible_ssh_common_args='-o StrictHostKeyChecking=no -o UserKnownHostsFile=/dev/null'\n",
            "content_base64": null,
            "content_base64sha256": "VNdz/OhceafPN0JRRpXkX6Wq5wqkGRWWNI5nYRHJ/XM=",
            "content_base64sha512": "sQFIkk4UoVAKt0Dvu+Y6YeJn4JbsLvCbQO8B41NcKXQbdSQfGOGchra5PeLpVxJmP+LScfHPXMuLf2knZs1pzA==",
            "content_md5": "2707f7f9335b2b6ace29c1df394f0779",
            "content_sha1": "77d50a2cf01a18d51d9be7757ee02825de2ae423",
            "content_sha256": "54d773fce85c79a7cf3742514695e45fa5aae70aa4191596348e676111c9fd73",
            "content_sha512": "b10148924e14a1500ab740efbbe63a61e267e096ec2ef09b40ef01e3535c29741b75241f18e19c86b6b93de2e95712663fe2d271f1cf5ccb8b7f692766cd69cc",
            "directory_permission": "0777",
            "file_permission": "0777",
            "filename": "Ansible/inventory.ini",
            "id": "77d50a2cf01a18d51d9be7757ee02825de2ae423",
            "sensitive_content": null,
            "source": null
          },
          "sensitive_attributes": [
            [
              {
                "type": "get_attr",
                "value": "sensitive_content"
              }
            ]
          ],
          "dependencies": [
            "google_compute_address.static_ip_nocodb"
          ]
        }
      ]
    },
    {
      "mode": "managed",
      "type": "null_resource",
      "name": "clear_ssh_known_hosts",
      "provider": "provider[\"registry.terraform.io/hashicorp/null\"]",
      "instances": [
        {
          "schema_version": 0,
          "attributes": {
            "id": "6159704577110571301",
            "triggers": {
              "always_run": "2025-03-11T14:18:59Z"
            }
          },
          "sensitive_attributes": [],
          "dependencies": [
            "google_compute_address.static_ip_nocodb"
          ]
        }
      ]
    }
  ],
  "check_results": null
}
